<Solution>
  <Configurations>
    <BuildType Name="Debug" />
    <BuildType Name="Release" />
    <BuildType Name="Snapshots" />
  </Configurations>
  <Folder Name="/Solution Items/">
    <File Path="../README.md" />
    <File Path="../.github/workflows/dotnet.yml" />
    <File Path="../.gitignore" />
    <File Path="../gitversion.yaml" />
    <File Path="../LICENSE.md" />
    <File Path="global.json" />
  </Folder>
  <Project Path="Twia.StateMachine.CodeGenerator.UnitTests/Twia.StateMachine.CodeGenerator.UnitTests.csproj" />
  <Project Path="Twia.StateMachine.CodeGenerator/Twia.StateMachine.CodeGenerator.csproj" />
  <Project Path="Twia.StateMachine.Example/Twia.StateMachine.Example.csproj" />
  <Project Path="Twia.StateMachine.IntegrationTests/Twia.StateMachine.IntegrationTests.csproj" />
  <Project Path="Twia.StateMachine/Twia.StateMachine.csproj">
    <BuildDependency Project="Twia.StateMachine.CodeGenerator/Twia.StateMachine.CodeGenerator.csproj" />
  </Project>
</Solution>
